// !$*UTF8*$!
{
	archiveVersion = 1;
	classes = {
	};
	objectVersion = 50;
	objects = {

/* Begin PBXBuildFile section */
		E905CE09225D038E0073626E /* Assets.xcassets in Resources */ = {isa = PBXBuildFile; fileRef = E905CE08225D038E0073626E /* Assets.xcassets */; };
		E905CE0B225D06800073626E /* ItemsInStore.storyboard in Resources */ = {isa = PBXBuildFile; fileRef = E905CE0A225D06800073626E /* ItemsInStore.storyboard */; };
		E905CE0E225D3C630073626E /* SignUP.storyboard in Resources */ = {isa = PBXBuildFile; fileRef = E905CE0D225D3C630073626E /* SignUP.storyboard */; };
		E905CE11225D441C0073626E /* SignIn.storyboard in Resources */ = {isa = PBXBuildFile; fileRef = E905CE10225D441C0073626E /* SignIn.storyboard */; };
		E9103BD2225FCCCE00FB5099 /* SignUPViewController.swift in Sources */ = {isa = PBXBuildFile; fileRef = E9103BD1225FCCCE00FB5099 /* SignUPViewController.swift */; };
		E9103BD4225FDAE800FB5099 /* YourOrder.storyboard in Resources */ = {isa = PBXBuildFile; fileRef = E9103BD3225FDAE800FB5099 /* YourOrder.storyboard */; };
		E9103BD622610BF200FB5099 /* ExtensionTableView.swift in Sources */ = {isa = PBXBuildFile; fileRef = E9103BD522610BF200FB5099 /* ExtensionTableView.swift */; };
		E918A9D2226E385200DFE7CC /* MonitorVisits.swift in Sources */ = {isa = PBXBuildFile; fileRef = E918A9D1226E385200DFE7CC /* MonitorVisits.swift */; };
		E91EEFCF225EB5FA0084F842 /* CreateAnAccount.storyboard in Resources */ = {isa = PBXBuildFile; fileRef = E91EEFCE225EB5FA0084F842 /* CreateAnAccount.storyboard */; };
		E9322E8B225817AF00DBF4F4 /* CreateStore.storyboard in Resources */ = {isa = PBXBuildFile; fileRef = E9322E8A225817AF00DBF4F4 /* CreateStore.storyboard */; };
		E9419ACC224D3C02004710AC /* ImageCacheController.swift in Sources */ = {isa = PBXBuildFile; fileRef = E9419ACB224D3C02004710AC /* ImageCacheController.swift */; };
		E987C0392240147C00BE24A5 /* AppDelegate.swift in Sources */ = {isa = PBXBuildFile; fileRef = E987C0382240147C00BE24A5 /* AppDelegate.swift */; };
		E987C03E2240147C00BE24A5 /* Main.storyboard in Resources */ = {isa = PBXBuildFile; fileRef = E987C03C2240147C00BE24A5 /* Main.storyboard */; };
		E987C0432240148100BE24A5 /* LaunchScreen.storyboard in Resources */ = {isa = PBXBuildFile; fileRef = E987C0412240148100BE24A5 /* LaunchScreen.storyboard */; };
		E987C050224014E200BE24A5 /* User.swift in Sources */ = {isa = PBXBuildFile; fileRef = E987C04F224014E200BE24A5 /* User.swift */; };
		E987C052224014F800BE24A5 /* Event.swift in Sources */ = {isa = PBXBuildFile; fileRef = E987C051224014F800BE24A5 /* Event.swift */; };
		E987C0542240157900BE24A5 /* Restaurant.swift in Sources */ = {isa = PBXBuildFile; fileRef = E987C0532240157900BE24A5 /* Restaurant.swift */; };
		E987C05622403C2C00BE24A5 /* HomeViewController.swift in Sources */ = {isa = PBXBuildFile; fileRef = E987C05522403C2C00BE24A5 /* HomeViewController.swift */; };
		E987C05822405F1400BE24A5 /* EventController.swift in Sources */ = {isa = PBXBuildFile; fileRef = E987C05722405F1400BE24A5 /* EventController.swift */; };
		E987C05A2240772900BE24A5 /* EventTableViewCell.swift in Sources */ = {isa = PBXBuildFile; fileRef = E987C0592240772900BE24A5 /* EventTableViewCell.swift */; };
		E9C3394F22527B98005497FD /* EventDetailViewController.swift in Sources */ = {isa = PBXBuildFile; fileRef = E9C3394E22527B98005497FD /* EventDetailViewController.swift */; };
		E9C339512253BA43005497FD /* DateFormatter.swift in Sources */ = {isa = PBXBuildFile; fileRef = E9C339502253BA43005497FD /* DateFormatter.swift */; };
		E9E6A3962256BAC10091F31A /* ItemsAndRestaurant.storyboard in Resources */ = {isa = PBXBuildFile; fileRef = E9E6A3952256BAC10091F31A /* ItemsAndRestaurant.storyboard */; };
		E9E6A3982256BCF70091F31A /* RestaurantTableViewController.swift in Sources */ = {isa = PBXBuildFile; fileRef = E9E6A3972256BCF70091F31A /* RestaurantTableViewController.swift */; };
		E9E6A39A2256BE7D0091F31A /* ItemsAndRestaurantDetailView.storyboard in Resources */ = {isa = PBXBuildFile; fileRef = E9E6A3992256BE7D0091F31A /* ItemsAndRestaurantDetailView.storyboard */; };
		E9E6A3A02257FC9D0091F31A /* MenuOptions.storyboard in Resources */ = {isa = PBXBuildFile; fileRef = E9E6A39F2257FC9D0091F31A /* MenuOptions.storyboard */; };
/* End PBXBuildFile section */

/* Begin PBXFileReference section */
		E905CE08225D038E0073626E /* Assets.xcassets */ = {isa = PBXFileReference; lastKnownFileType = folder.assetcatalog; path = Assets.xcassets; sourceTree = "<group>"; };
		E905CE0A225D06800073626E /* ItemsInStore.storyboard */ = {isa = PBXFileReference; lastKnownFileType = file.storyboard; path = ItemsInStore.storyboard; sourceTree = "<group>"; };
		E905CE0D225D3C630073626E /* SignUP.storyboard */ = {isa = PBXFileReference; lastKnownFileType = file.storyboard; path = SignUP.storyboard; sourceTree = "<group>"; };
		E905CE10225D441C0073626E /* SignIn.storyboard */ = {isa = PBXFileReference; lastKnownFileType = file.storyboard; path = SignIn.storyboard; sourceTree = "<group>"; };
		E9103BD1225FCCCE00FB5099 /* SignUPViewController.swift */ = {isa = PBXFileReference; lastKnownFileType = sourcecode.swift; name = SignUPViewController.swift; path = "../Users Storyboard/SignInFlow/SignUPViewController.swift"; sourceTree = "<group>"; };
		E9103BD3225FDAE800FB5099 /* YourOrder.storyboard */ = {isa = PBXFileReference; lastKnownFileType = file.storyboard; path = YourOrder.storyboard; sourceTree = "<group>"; };
		E9103BD522610BF200FB5099 /* ExtensionTableView.swift */ = {isa = PBXFileReference; lastKnownFileType = sourcecode.swift; path = ExtensionTableView.swift; sourceTree = "<group>"; };
		E918A9D1226E385200DFE7CC /* MonitorVisits.swift */ = {isa = PBXFileReference; lastKnownFileType = sourcecode.swift; path = MonitorVisits.swift; sourceTree = "<group>"; };
		E91EEFCE225EB5FA0084F842 /* CreateAnAccount.storyboard */ = {isa = PBXFileReference; lastKnownFileType = file.storyboard; path = CreateAnAccount.storyboard; sourceTree = "<group>"; };
		E9322E8A225817AF00DBF4F4 /* CreateStore.storyboard */ = {isa = PBXFileReference; lastKnownFileType = file.storyboard; path = CreateStore.storyboard; sourceTree = "<group>"; };
		E9419ACB224D3C02004710AC /* ImageCacheController.swift */ = {isa = PBXFileReference; lastKnownFileType = sourcecode.swift; path = ImageCacheController.swift; sourceTree = "<group>"; };
		E987C0352240147C00BE24A5 /* Sesh.app */ = {isa = PBXFileReference; explicitFileType = wrapper.application; includeInIndex = 0; path = Sesh.app; sourceTree = BUILT_PRODUCTS_DIR; };
		E987C0382240147C00BE24A5 /* AppDelegate.swift */ = {isa = PBXFileReference; lastKnownFileType = sourcecode.swift; name = AppDelegate.swift; path = ../Models/AppDelegate.swift; sourceTree = "<group>"; };
		E987C03D2240147C00BE24A5 /* Base */ = {isa = PBXFileReference; lastKnownFileType = file.storyboard; name = Base; path = Base.lproj/Main.storyboard; sourceTree = "<group>"; };
		E987C0422240148100BE24A5 /* Base */ = {isa = PBXFileReference; lastKnownFileType = file.storyboard; name = Base; path = Base.lproj/LaunchScreen.storyboard; sourceTree = "<group>"; };
		E987C0442240148100BE24A5 /* Info.plist */ = {isa = PBXFileReference; lastKnownFileType = text.plist.xml; path = Info.plist; sourceTree = "<group>"; };
		E987C04F224014E200BE24A5 /* User.swift */ = {isa = PBXFileReference; lastKnownFileType = sourcecode.swift; path = User.swift; sourceTree = "<group>"; };
		E987C051224014F800BE24A5 /* Event.swift */ = {isa = PBXFileReference; lastKnownFileType = sourcecode.swift; path = Event.swift; sourceTree = "<group>"; };
		E987C0532240157900BE24A5 /* Restaurant.swift */ = {isa = PBXFileReference; lastKnownFileType = sourcecode.swift; path = Restaurant.swift; sourceTree = "<group>"; };
		E987C05522403C2C00BE24A5 /* HomeViewController.swift */ = {isa = PBXFileReference; lastKnownFileType = sourcecode.swift; path = HomeViewController.swift; sourceTree = "<group>"; };
		E987C05722405F1400BE24A5 /* EventController.swift */ = {isa = PBXFileReference; lastKnownFileType = sourcecode.swift; path = EventController.swift; sourceTree = "<group>"; };
		E987C0592240772900BE24A5 /* EventTableViewCell.swift */ = {isa = PBXFileReference; lastKnownFileType = sourcecode.swift; path = EventTableViewCell.swift; sourceTree = "<group>"; };
		E9C3394E22527B98005497FD /* EventDetailViewController.swift */ = {isa = PBXFileReference; lastKnownFileType = sourcecode.swift; path = EventDetailViewController.swift; sourceTree = "<group>"; };
		E9C339502253BA43005497FD /* DateFormatter.swift */ = {isa = PBXFileReference; lastKnownFileType = sourcecode.swift; path = DateFormatter.swift; sourceTree = "<group>"; };
		E9E6A3952256BAC10091F31A /* ItemsAndRestaurant.storyboard */ = {isa = PBXFileReference; lastKnownFileType = file.storyboard; path = ItemsAndRestaurant.storyboard; sourceTree = "<group>"; };
		E9E6A3972256BCF70091F31A /* RestaurantTableViewController.swift */ = {isa = PBXFileReference; lastKnownFileType = sourcecode.swift; path = RestaurantTableViewController.swift; sourceTree = "<group>"; };
		E9E6A3992256BE7D0091F31A /* ItemsAndRestaurantDetailView.storyboard */ = {isa = PBXFileReference; lastKnownFileType = file.storyboard; path = ItemsAndRestaurantDetailView.storyboard; sourceTree = "<group>"; };
		E9E6A39F2257FC9D0091F31A /* MenuOptions.storyboard */ = {isa = PBXFileReference; lastKnownFileType = file.storyboard; name = MenuOptions.storyboard; path = ../../MenuOptions.storyboard; sourceTree = "<group>"; };
/* End PBXFileReference section */

/* Begin PBXFrameworksBuildPhase section */
		E987C0322240147C00BE24A5 /* Frameworks */ = {
			isa = PBXFrameworksBuildPhase;
			buildActionMask = 2147483647;
			files = (
			);
			runOnlyForDeploymentPostprocessing = 0;
		};
/* End PBXFrameworksBuildPhase section */

/* Begin PBXGroup section */
		E905CE0C225D171C0073626E /* Venders Storyboard */ = {
			isa = PBXGroup;
			children = (
				E9322E8A225817AF00DBF4F4 /* CreateStore.storyboard */,
				E905CE0A225D06800073626E /* ItemsInStore.storyboard */,
			);
			path = "Venders Storyboard";
			sourceTree = "<group>";
		};
		E905CE0F225D3C690073626E /* SignInFlow */ = {
			isa = PBXGroup;
			children = (
				E905CE0D225D3C630073626E /* SignUP.storyboard */,
				E91EEFCE225EB5FA0084F842 /* CreateAnAccount.storyboard */,
				E905CE10225D441C0073626E /* SignIn.storyboard */,
			);
			path = SignInFlow;
			sourceTree = "<group>";
		};
		E9103BD722610BF800FB5099 /* Extension */ = {
			isa = PBXGroup;
			children = (
				E9103BD522610BF200FB5099 /* ExtensionTableView.swift */,
			);
			path = Extension;
			sourceTree = "<group>";
		};
		E987C02C2240147B00BE24A5 = {
			isa = PBXGroup;
			children = (
				E987C0372240147C00BE24A5 /* Sesh */,
				E987C0362240147C00BE24A5 /* Products */,
			);
			sourceTree = "<group>";
		};
		E987C0362240147C00BE24A5 /* Products */ = {
			isa = PBXGroup;
			children = (
				E987C0352240147C00BE24A5 /* Sesh.app */,
			);
			name = Products;
			sourceTree = "<group>";
		};
		E987C0372240147C00BE24A5 /* Sesh */ = {
			isa = PBXGroup;
			children = (
				E9E6A3942256AEB30091F31A /* Users Storyboard */,
				E987C04D224014B100BE24A5 /* Models */,
				E987C04C224014AE00BE24A5 /* Model Controllers */,
				E987C04B224014AA00BE24A5 /* View Controllers */,
				E987C04E224014CC00BE24A5 /* Views */,
				E987C04A224014A000BE24A5 /* Resources */,
				E9103BD722610BF800FB5099 /* Extension */,
			);
			path = Sesh;
			sourceTree = "<group>";
		};
		E987C04A224014A000BE24A5 /* Resources */ = {
			isa = PBXGroup;
			children = (
				E987C0382240147C00BE24A5 /* AppDelegate.swift */,
				E918A9D1226E385200DFE7CC /* MonitorVisits.swift */,
				E905CE08225D038E0073626E /* Assets.xcassets */,
				E9C339502253BA43005497FD /* DateFormatter.swift */,
				E987C0412240148100BE24A5 /* LaunchScreen.storyboard */,
				E987C0442240148100BE24A5 /* Info.plist */,
			);
			path = Resources;
			sourceTree = "<group>";
		};
		E987C04B224014AA00BE24A5 /* View Controllers */ = {
			isa = PBXGroup;
			children = (
				E9C3394E22527B98005497FD /* EventDetailViewController.swift */,
				E987C05522403C2C00BE24A5 /* HomeViewController.swift */,
				E9E6A3972256BCF70091F31A /* RestaurantTableViewController.swift */,
				E9103BD1225FCCCE00FB5099 /* SignUPViewController.swift */,
			);
			path = "View Controllers";
			sourceTree = "<group>";
		};
		E987C04C224014AE00BE24A5 /* Model Controllers */ = {
			isa = PBXGroup;
			children = (
				E987C05722405F1400BE24A5 /* EventController.swift */,
				E9419ACB224D3C02004710AC /* ImageCacheController.swift */,
			);
			path = "Model Controllers";
			sourceTree = "<group>";
		};
		E987C04D224014B100BE24A5 /* Models */ = {
			isa = PBXGroup;
			children = (
				E987C04F224014E200BE24A5 /* User.swift */,
				E987C051224014F800BE24A5 /* Event.swift */,
				E987C0532240157900BE24A5 /* Restaurant.swift */,
			);
			path = Models;
			sourceTree = "<group>";
		};
		E987C04E224014CC00BE24A5 /* Views */ = {
			isa = PBXGroup;
			children = (
				E987C0592240772900BE24A5 /* EventTableViewCell.swift */,
			);
			path = Views;
			sourceTree = "<group>";
		};
		E9E6A3942256AEB30091F31A /* Users Storyboard */ = {
			isa = PBXGroup;
			children = (
				E987C03C2240147C00BE24A5 /* Main.storyboard */,
				E9E6A3952256BAC10091F31A /* ItemsAndRestaurant.storyboard */,
				E9E6A3992256BE7D0091F31A /* ItemsAndRestaurantDetailView.storyboard */,
				E9E6A39F2257FC9D0091F31A /* MenuOptions.storyboard */,
				E9103BD3225FDAE800FB5099 /* YourOrder.storyboard */,
				E905CE0C225D171C0073626E /* Venders Storyboard */,
				E905CE0F225D3C690073626E /* SignInFlow */,
			);
			path = "Users Storyboard";
			sourceTree = "<group>";
		};
/* End PBXGroup section */

/* Begin PBXNativeTarget section */
		E987C0342240147C00BE24A5 /* Sesh */ = {
			isa = PBXNativeTarget;
			buildConfigurationList = E987C0472240148100BE24A5 /* Build configuration list for PBXNativeTarget "Sesh" */;
			buildPhases = (
				E987C0312240147C00BE24A5 /* Sources */,
				E987C0322240147C00BE24A5 /* Frameworks */,
				E987C0332240147C00BE24A5 /* Resources */,
			);
			buildRules = (
			);
			dependencies = (
			);
			name = Sesh;
			productName = Sesh;
			productReference = E987C0352240147C00BE24A5 /* Sesh.app */;
			productType = "com.apple.product-type.application";
		};
/* End PBXNativeTarget section */

/* Begin PBXProject section */
		E987C02D2240147B00BE24A5 /* Project object */ = {
			isa = PBXProject;
			attributes = {
				LastSwiftUpdateCheck = 1010;
				LastUpgradeCheck = 1010;
				ORGANIZATIONNAME = "Jack Knight";
				TargetAttributes = {
					E987C0342240147C00BE24A5 = {
						CreatedOnToolsVersion = 10.1;
						LastSwiftMigration = 1020;
						SystemCapabilities = {
							com.apple.BackgroundModes = {
								enabled = 1;
							};
						};
					};
				};
			};
			buildConfigurationList = E987C0302240147B00BE24A5 /* Build configuration list for PBXProject "Sesh" */;
			compatibilityVersion = "Xcode 9.3";
			developmentRegion = en;
			hasScannedForEncodings = 0;
			knownRegions = (
				en,
				Base,
			);
			mainGroup = E987C02C2240147B00BE24A5;
			productRefGroup = E987C0362240147C00BE24A5 /* Products */;
			projectDirPath = "";
			projectRoot = "";
			targets = (
				E987C0342240147C00BE24A5 /* Sesh */,
			);
		};
/* End PBXProject section */

/* Begin PBXResourcesBuildPhase section */
		E987C0332240147C00BE24A5 /* Resources */ = {
			isa = PBXResourcesBuildPhase;
			buildActionMask = 2147483647;
			files = (
				E9E6A39A2256BE7D0091F31A /* ItemsAndRestaurantDetailView.storyboard in Resources */,
				E987C0432240148100BE24A5 /* LaunchScreen.storyboard in Resources */,
				E91EEFCF225EB5FA0084F842 /* CreateAnAccount.storyboard in Resources */,
				E9E6A3A02257FC9D0091F31A /* MenuOptions.storyboard in Resources */,
				E9E6A3962256BAC10091F31A /* ItemsAndRestaurant.storyboard in Resources */,
				E905CE0B225D06800073626E /* ItemsInStore.storyboard in Resources */,
				E9103BD4225FDAE800FB5099 /* YourOrder.storyboard in Resources */,
				E905CE09225D038E0073626E /* Assets.xcassets in Resources */,
				E905CE11225D441C0073626E /* SignIn.storyboard in Resources */,
				E9322E8B225817AF00DBF4F4 /* CreateStore.storyboard in Resources */,
				E987C03E2240147C00BE24A5 /* Main.storyboard in Resources */,
				E905CE0E225D3C630073626E /* SignUP.storyboard in Resources */,
			);
			runOnlyForDeploymentPostprocessing = 0;
		};
/* End PBXResourcesBuildPhase section */

/* Begin PBXSourcesBuildPhase section */
		E987C0312240147C00BE24A5 /* Sources */ = {
			isa = PBXSourcesBuildPhase;
			buildActionMask = 2147483647;
			files = (
				E987C05622403C2C00BE24A5 /* HomeViewController.swift in Sources */,
				E9103BD622610BF200FB5099 /* ExtensionTableView.swift in Sources */,
				E987C0542240157900BE24A5 /* Restaurant.swift in Sources */,
				E9E6A3982256BCF70091F31A /* RestaurantTableViewController.swift in Sources */,
				E9419ACC224D3C02004710AC /* ImageCacheController.swift in Sources */,
				E918A9D2226E385200DFE7CC /* MonitorVisits.swift in Sources */,
				E9103BD2225FCCCE00FB5099 /* SignUPViewController.swift in Sources */,
				E987C050224014E200BE24A5 /* User.swift in Sources */,
				E9C339512253BA43005497FD /* DateFormatter.swift in Sources */,
				E987C052224014F800BE24A5 /* Event.swift in Sources */,
				E9C3394F22527B98005497FD /* EventDetailViewController.swift in Sources */,
				E987C05A2240772900BE24A5 /* EventTableViewCell.swift in Sources */,
				E987C0392240147C00BE24A5 /* AppDelegate.swift in Sources */,
				E987C05822405F1400BE24A5 /* EventController.swift in Sources */,
			);
			runOnlyForDeploymentPostprocessing = 0;
		};
/* End PBXSourcesBuildPhase section */

/* Begin PBXVariantGroup section */
		E987C03C2240147C00BE24A5 /* Main.storyboard */ = {
			isa = PBXVariantGroup;
			children = (
				E987C03D2240147C00BE24A5 /* Base */,
			);
			name = Main.storyboard;
			sourceTree = "<group>";
		};
		E987C0412240148100BE24A5 /* LaunchScreen.storyboard */ = {
			isa = PBXVariantGroup;
			children = (
				E987C0422240148100BE24A5 /* Base */,
			);
			name = LaunchScreen.storyboard;
			sourceTree = "<group>";
		};
/* End PBXVariantGroup section */

/* Begin XCBuildConfiguration section */
		E987C0452240148100BE24A5 /* Debug */ = {
			isa = XCBuildConfiguration;
			buildSettings = {
				ALWAYS_SEARCH_USER_PATHS = NO;
				CLANG_ANALYZER_NONNULL = YES;
				CLANG_ANALYZER_NUMBER_OBJECT_CONVERSION = YES_AGGRESSIVE;
				CLANG_CXX_LANGUAGE_STANDARD = "gnu++14";
				CLANG_CXX_LIBRARY = "libc++";
				CLANG_ENABLE_MODULES = YES;
				CLANG_ENABLE_OBJC_ARC = YES;
				CLANG_ENABLE_OBJC_WEAK = YES;
				CLANG_WARN_BLOCK_CAPTURE_AUTORELEASING = YES;
				CLANG_WARN_BOOL_CONVERSION = YES;
				CLANG_WARN_COMMA = YES;
				CLANG_WARN_CONSTANT_CONVERSION = YES;
				CLANG_WARN_DEPRECATED_OBJC_IMPLEMENTATIONS = YES;
				CLANG_WARN_DIRECT_OBJC_ISA_USAGE = YES_ERROR;
				CLANG_WARN_DOCUMENTATION_COMMENTS = YES;
				CLANG_WARN_EMPTY_BODY = YES;
				CLANG_WARN_ENUM_CONVERSION = YES;
				CLANG_WARN_INFINITE_RECURSION = YES;
				CLANG_WARN_INT_CONVERSION = YES;
				CLANG_WARN_NON_LITERAL_NULL_CONVERSION = YES;
				CLANG_WARN_OBJC_IMPLICIT_RETAIN_SELF = YES;
				CLANG_WARN_OBJC_LITERAL_CONVERSION = YES;
				CLANG_WARN_OBJC_ROOT_CLASS = YES_ERROR;
				CLANG_WARN_RANGE_LOOP_ANALYSIS = YES;
				CLANG_WARN_STRICT_PROTOTYPES = YES;
				CLANG_WARN_SUSPICIOUS_MOVE = YES;
				CLANG_WARN_UNGUARDED_AVAILABILITY = YES_AGGRESSIVE;
				CLANG_WARN_UNREACHABLE_CODE = YES;
				CLANG_WARN__DUPLICATE_METHOD_MATCH = YES;
				CODE_SIGN_IDENTITY = "iPhone Developer";
				COPY_PHASE_STRIP = NO;
				DEBUG_INFORMATION_FORMAT = dwarf;
				ENABLE_STRICT_OBJC_MSGSEND = YES;
				ENABLE_TESTABILITY = YES;
				GCC_C_LANGUAGE_STANDARD = gnu11;
				GCC_DYNAMIC_NO_PIC = NO;
				GCC_NO_COMMON_BLOCKS = YES;
				GCC_OPTIMIZATION_LEVEL = 0;
				GCC_PREPROCESSOR_DEFINITIONS = (
					"DEBUG=1",
					"$(inherited)",
				);
				GCC_WARN_64_TO_32_BIT_CONVERSION = YES;
				GCC_WARN_ABOUT_RETURN_TYPE = YES_ERROR;
				GCC_WARN_UNDECLARED_SELECTOR = YES;
				GCC_WARN_UNINITIALIZED_AUTOS = YES_AGGRESSIVE;
				GCC_WARN_UNUSED_FUNCTION = YES;
				GCC_WARN_UNUSED_VARIABLE = YES;
				IPHONEOS_DEPLOYMENT_TARGET = 12.1;
				MTL_ENABLE_DEBUG_INFO = INCLUDE_SOURCE;
				MTL_FAST_MATH = YES;
				ONLY_ACTIVE_ARCH = YES;
				SDKROOT = iphoneos;
				SWIFT_ACTIVE_COMPILATION_CONDITIONS = DEBUG;
				SWIFT_OPTIMIZATION_LEVEL = "-Onone";
			};
			name = Debug;
		};
		E987C0462240148100BE24A5 /* Release */ = {
			isa = XCBuildConfiguration;
			buildSettings = {
				ALWAYS_SEARCH_USER_PATHS = NO;
				CLANG_ANALYZER_NONNULL = YES;
				CLANG_ANALYZER_NUMBER_OBJECT_CONVERSION = YES_AGGRESSIVE;
				CLANG_CXX_LANGUAGE_STANDARD = "gnu++14";
				CLANG_CXX_LIBRARY = "libc++";
				CLANG_ENABLE_MODULES = YES;
				CLANG_ENABLE_OBJC_ARC = YES;
				CLANG_ENABLE_OBJC_WEAK = YES;
				CLANG_WARN_BLOCK_CAPTURE_AUTORELEASING = YES;
				CLANG_WARN_BOOL_CONVERSION = YES;
				CLANG_WARN_COMMA = YES;
				CLANG_WARN_CONSTANT_CONVERSION = YES;
				CLANG_WARN_DEPRECATED_OBJC_IMPLEMENTATIONS = YES;
				CLANG_WARN_DIRECT_OBJC_ISA_USAGE = YES_ERROR;
				CLANG_WARN_DOCUMENTATION_COMMENTS = YES;
				CLANG_WARN_EMPTY_BODY = YES;
				CLANG_WARN_ENUM_CONVERSION = YES;
				CLANG_WARN_INFINITE_RECURSION = YES;
				CLANG_WARN_INT_CONVERSION = YES;
				CLANG_WARN_NON_LITERAL_NULL_CONVERSION = YES;
				CLANG_WARN_OBJC_IMPLICIT_RETAIN_SELF = YES;
				CLANG_WARN_OBJC_LITERAL_CONVERSION = YES;
				CLANG_WARN_OBJC_ROOT_CLASS = YES_ERROR;
				CLANG_WARN_RANGE_LOOP_ANALYSIS = YES;
				CLANG_WARN_STRICT_PROTOTYPES = YES;
				CLANG_WARN_SUSPICIOUS_MOVE = YES;
				CLANG_WARN_UNGUARDED_AVAILABILITY = YES_AGGRESSIVE;
				CLANG_WARN_UNREACHABLE_CODE = YES;
				CLANG_WARN__DUPLICATE_METHOD_MATCH = YES;
				CODE_SIGN_IDENTITY = "iPhone Developer";
				COPY_PHASE_STRIP = NO;
				DEBUG_INFORMATION_FORMAT = "dwarf-with-dsym";
				ENABLE_NS_ASSERTIONS = NO;
				ENABLE_STRICT_OBJC_MSGSEND = YES;
				GCC_C_LANGUAGE_STANDARD = gnu11;
				GCC_NO_COMMON_BLOCKS = YES;
				GCC_WARN_64_TO_32_BIT_CONVERSION = YES;
				GCC_WARN_ABOUT_RETURN_TYPE = YES_ERROR;
				GCC_WARN_UNDECLARED_SELECTOR = YES;
				GCC_WARN_UNINITIALIZED_AUTOS = YES_AGGRESSIVE;
				GCC_WARN_UNUSED_FUNCTION = YES;
				GCC_WARN_UNUSED_VARIABLE = YES;
				IPHONEOS_DEPLOYMENT_TARGET = 12.1;
				MTL_ENABLE_DEBUG_INFO = NO;
				MTL_FAST_MATH = YES;
				SDKROOT = iphoneos;
				SWIFT_COMPILATION_MODE = wholemodule;
				SWIFT_OPTIMIZATION_LEVEL = "-O";
				VALIDATE_PRODUCT = YES;
			};
			name = Release;
		};
		E987C0482240148100BE24A5 /* Debug */ = {
			isa = XCBuildConfiguration;
			buildSettings = {
				ASSETCATALOG_COMPILER_APPICON_NAME = "AppIcon-1";
				CODE_SIGN_STYLE = Automatic;
				DEVELOPMENT_TEAM = 2446Y3VTK6;
				INFOPLIST_FILE = "$(SRCROOT)/Sesh/Resources/Info.plist";
				LD_RUNPATH_SEARCH_PATHS = (
					"$(inherited)",
					"@executable_path/Frameworks",
				);
				PRODUCT_BUNDLE_IDENTIFIER = com.jackknight.Sesh;
				PRODUCT_NAME = "$(TARGET_NAME)";
				SWIFT_VERSION = 5.0;
				TARGETED_DEVICE_FAMILY = "1,2";
			};
			name = Debug;
		};
		E987C0492240148100BE24A5 /* Release */ = {
			isa = XCBuildConfiguration;
			buildSettings = {
				ASSETCATALOG_COMPILER_APPICON_NAME = "AppIcon-1";
				CODE_SIGN_STYLE = Automatic;
				DEVELOPMENT_TEAM = 2446Y3VTK6;
				INFOPLIST_FILE = "$(SRCROOT)/Sesh/Resources/Info.plist";
				LD_RUNPATH_SEARCH_PATHS = (
					"$(inherited)",
					"@executable_path/Frameworks",
				);
				PRODUCT_BUNDLE_IDENTIFIER = com.jackknight.Sesh;
				PRODUCT_NAME = "$(TARGET_NAME)";
				SWIFT_VERSION = 5.0;
				TARGETED_DEVICE_FAMILY = "1,2";
			};
			name = Release;
		};
/* End XCBuildConfiguration section */

/* Begin XCConfigurationList section */
		E987C0302240147B00BE24A5 /* Build configuration list for PBXProject "Sesh" */ = {
			isa = XCConfigurationList;
			buildConfigurations = (
				E987C0452240148100BE24A5 /* Debug */,
				E987C0462240148100BE24A5 /* Release */,
			);
			defaultConfigurationIsVisible = 0;
			defaultConfigurationName = Release;
		};
		E987C0472240148100BE24A5 /* Build configuration list for PBXNativeTarget "Sesh" */ = {
			isa = XCConfigurationList;
			buildConfigurations = (
				E987C0482240148100BE24A5 /* Debug */,
				E987C0492240148100BE24A5 /* Release */,
			);
			defaultConfigurationIsVisible = 0;
			defaultConfigurationName = Release;
		};
/* End XCConfigurationList section */
	};
	rootObject = E987C02D2240147B00BE24A5 /* Project object */;
}
